// !$*UTF8*$!
{
	archiveVersion = 1;
	classes = {
	};
	objectVersion = 77;
	objects = {

/* Begin PBXContainerItemProxy section */
		71C5A75F2D84C76D00F73C38 /* PBXContainerItemProxy */ = {
			isa = PBXContainerItemProxy;
			containerPortal = 71C5A7422D84C76C00F73C38 /* Project object */;
			proxyType = 1;
			remoteGlobalIDString = 71C5A7492D84C76C00F73C38;
			remoteInfo = "Make Your Own";
		};
		71C5A7692D84C76D00F73C38 /* PBXContainerItemProxy */ = {
			isa = PBXContainerItemProxy;
			containerPortal = 71C5A7422D84C76C00F73C38 /* Project object */;
			proxyType = 1;
			remoteGlobalIDString = 71C5A7492D84C76C00F73C38;
			remoteInfo = "Make Your Own";
		};
/* End PBXContainerItemProxy section */

/* Begin PBXFileReference section */
		71C5A74A2D84C76C00F73C38 /* Make Your Own.app */ = {isa = PBXFileReference; explicitFileType = wrapper.application; includeInIndex = 0; path = "Make Your Own.app"; sourceTree = BUILT_PRODUCTS_DIR; };
		71C5A75E2D84C76D00F73C38 /* Make Your OwnTests.xctest */ = {isa = PBXFileReference; explicitFileType = wrapper.cfbundle; includeInIndex = 0; path = "Make Your OwnTests.xctest"; sourceTree = BUILT_PRODUCTS_DIR; };
		71C5A7682D84C76D00F73C38 /* Make Your OwnUITests.xctest */ = {isa = PBXFileReference; explicitFileType = wrapper.cfbundle; includeInIndex = 0; path = "Make Your OwnUITests.xctest"; sourceTree = BUILT_PRODUCTS_DIR; };
/* End PBXFileReference section */

/* Begin PBXFileSystemSynchronizedBuildFileExceptionSet section */
		71C5A7702D84C76D00F73C38 /* Exceptions for "Make Your Own" folder in "Make Your Own" target */ = {
			isa = PBXFileSystemSynchronizedBuildFileExceptionSet;
			membershipExceptions = (
				Info.plist,
			);
			target = 71C5A7492D84C76C00F73C38 /* Make Your Own */;
		};
/* End PBXFileSystemSynchronizedBuildFileExceptionSet section */

/* Begin PBXFileSystemSynchronizedRootGroup section */
		71C5A74C2D84C76C00F73C38 /* Make Your Own */ = {
			isa = PBXFileSystemSynchronizedRootGroup;
			exceptions = (
				71C5A7702D84C76D00F73C38 /* Exceptions for "Make Your Own" folder in "Make Your Own" target */,
			);
			path = "Make Your Own";
			sourceTree = "<group>";
		};
		71C5A7612D84C76D00F73C38 /* Make Your OwnTests */ = {
			isa = PBXFileSystemSynchronizedRootGroup;
			path = "Make Your OwnTests";
			sourceTree = "<group>";
		};
		71C5A76B2D84C76D00F73C38 /* Make Your OwnUITests */ = {
			isa = PBXFileSystemSynchronizedRootGroup;
			path = "Make Your OwnUITests";
			sourceTree = "<group>";
		};
/* End PBXFileSystemSynchronizedRootGroup section */

/* Begin PBXFrameworksBuildPhase section */
		71C5A7472D84C76C00F73C38 /* Frameworks */ = {
			isa = PBXFrameworksBuildPhase;
			buildActionMask = 2147483647;
			files = (
			);
			runOnlyForDeploymentPostprocessing = 0;
		};
		71C5A75B2D84C76D00F73C38 /* Frameworks */ = {
			isa = PBXFrameworksBuildPhase;
			buildActionMask = 2147483647;
			files = (
			);
			runOnlyForDeploymentPostprocessing = 0;
		};
		71C5A7652D84C76D00F73C38 /* Frameworks */ = {
			isa = PBXFrameworksBuildPhase;
			buildActionMask = 2147483647;
			files = (
			);
			runOnlyForDeploymentPostprocessing = 0;
		};
/* End PBXFrameworksBuildPhase section */

/* Begin PBXGroup section */
		71C5A7412D84C76C00F73C38 = {
			isa = PBXGroup;
			children = (
				71C5A74C2D84C76C00F73C38 /* Make Your Own */,
				71C5A7612D84C76D00F73C38 /* Make Your OwnTests */,
				71C5A76B2D84C76D00F73C38 /* Make Your OwnUITests */,
				71C5A74B2D84C76C00F73C38 /* Products */,
			);
			sourceTree = "<group>";
		};
		71C5A74B2D84C76C00F73C38 /* Products */ = {
			isa = PBXGroup;
			children = (
				71C5A74A2D84C76C00F73C38 /* Make Your Own.app */,
				71C5A75E2D84C76D00F73C38 /* Make Your OwnTests.xctest */,
				71C5A7682D84C76D00F73C38 /* Make Your OwnUITests.xctest */,
			);
			name = Products;
			sourceTree = "<group>";
		};
/* End PBXGroup section */

/* Begin PBXNativeTarget section */
		71C5A7492D84C76C00F73C38 /* Make Your Own */ = {
			isa = PBXNativeTarget;
			buildConfigurationList = 71C5A7712D84C76D00F73C38 /* Build configuration list for PBXNativeTarget "Make Your Own" */;
			buildPhases = (
				71C5A7462D84C76C00F73C38 /* Sources */,
				71C5A7472D84C76C00F73C38 /* Frameworks */,
				71C5A7482D84C76C00F73C38 /* Resources */,
			);
			buildRules = (
			);
			dependencies = (
			);
			fileSystemSynchronizedGroups = (
				71C5A74C2D84C76C00F73C38 /* Make Your Own */,
			);
			name = "Make Your Own";
			packageProductDependencies = (
			);
			productName = "Make Your Own";
			productReference = 71C5A74A2D84C76C00F73C38 /* Make Your Own.app */;
			productType = "com.apple.product-type.application";
		};
		71C5A75D2D84C76D00F73C38 /* Make Your OwnTests */ = {
			isa = PBXNativeTarget;
			buildConfigurationList = 71C5A7762D84C76D00F73C38 /* Build configuration list for PBXNativeTarget "Make Your OwnTests" */;
			buildPhases = (
				71C5A75A2D84C76D00F73C38 /* Sources */,
				71C5A75B2D84C76D00F73C38 /* Frameworks */,
				71C5A75C2D84C76D00F73C38 /* Resources */,
			);
			buildRules = (
			);
			dependencies = (
				71C5A7602D84C76D00F73C38 /* PBXTargetDependency */,
			);
			fileSystemSynchronizedGroups = (
				71C5A7612D84C76D00F73C38 /* Make Your OwnTests */,
			);
			name = "Make Your OwnTests";
			packageProductDependencies = (
			);
			productName = "Make Your OwnTests";
			productReference = 71C5A75E2D84C76D00F73C38 /* Make Your OwnTests.xctest */;
			productType = "com.apple.product-type.bundle.unit-test";
		};
		71C5A7672D84C76D00F73C38 /* Make Your OwnUITests */ = {
			isa = PBXNativeTarget;
			buildConfigurationList = 71C5A7792D84C76D00F73C38 /* Build configuration list for PBXNativeTarget "Make Your OwnUITests" */;
			buildPhases = (
				71C5A7642D84C76D00F73C38 /* Sources */,
				71C5A7652D84C76D00F73C38 /* Frameworks */,
				71C5A7662D84C76D00F73C38 /* Resources */,
			);
			buildRules = (
			);
			dependencies = (
				71C5A76A2D84C76D00F73C38 /* PBXTargetDependency */,
			);
			fileSystemSynchronizedGroups = (
				71C5A76B2D84C76D00F73C38 /* Make Your OwnUITests */,
			);
			name = "Make Your OwnUITests";
			packageProductDependencies = (
			);
			productName = "Make Your OwnUITests";
			productReference = 71C5A7682D84C76D00F73C38 /* Make Your OwnUITests.xctest */;
			productType = "com.apple.product-type.bundle.ui-testing";
		};
/* End PBXNativeTarget section */

/* Begin PBXProject section */
		71C5A7422D84C76C00F73C38 /* Project object */ = {
			isa = PBXProject;
			attributes = {
				BuildIndependentTargetsInParallel = 1;
				LastSwiftUpdateCheck = 1620;
				LastUpgradeCheck = 1630;
				TargetAttributes = {
					71C5A7492D84C76C00F73C38 = {
						CreatedOnToolsVersion = 16.2;
					};
					71C5A75D2D84C76D00F73C38 = {
						CreatedOnToolsVersion = 16.2;
						TestTargetID = 71C5A7492D84C76C00F73C38;
					};
					71C5A7672D84C76D00F73C38 = {
						CreatedOnToolsVersion = 16.2;
						TestTargetID = 71C5A7492D84C76C00F73C38;
					};
				};
			};
			buildConfigurationList = 71C5A7452D84C76C00F73C38 /* Build configuration list for PBXProject "Make Your Own" */;
			developmentRegion = en;
			hasScannedForEncodings = 0;
			knownRegions = (
				en,
				Base,
				"es-419",
				it,
			);
			mainGroup = 71C5A7412D84C76C00F73C38;
			minimizedProjectReferenceProxies = 1;
			preferredProjectObjectVersion = 77;
			productRefGroup = 71C5A74B2D84C76C00F73C38 /* Products */;
			projectDirPath = "";
			projectRoot = "";
			targets = (
				71C5A7492D84C76C00F73C38 /* Make Your Own */,
				71C5A75D2D84C76D00F73C38 /* Make Your OwnTests */,
				71C5A7672D84C76D00F73C38 /* Make Your OwnUITests */,
			);
		};
/* End PBXProject section */

/* Begin PBXResourcesBuildPhase section */
		71C5A7482D84C76C00F73C38 /* Resources */ = {
			isa = PBXResourcesBuildPhase;
			buildActionMask = 2147483647;
			files = (
			);
			runOnlyForDeploymentPostprocessing = 0;
		};
		71C5A75C2D84C76D00F73C38 /* Resources */ = {
			isa = PBXResourcesBuildPhase;
			buildActionMask = 2147483647;
			files = (
			);
			runOnlyForDeploymentPostprocessing = 0;
		};
		71C5A7662D84C76D00F73C38 /* Resources */ = {
			isa = PBXResourcesBuildPhase;
			buildActionMask = 2147483647;
			files = (
			);
			runOnlyForDeploymentPostprocessing = 0;
		};
/* End PBXResourcesBuildPhase section */

/* Begin PBXSourcesBuildPhase section */
		71C5A7462D84C76C00F73C38 /* Sources */ = {
			isa = PBXSourcesBuildPhase;
			buildActionMask = 2147483647;
			files = (
			);
			runOnlyForDeploymentPostprocessing = 0;
		};
		71C5A75A2D84C76D00F73C38 /* Sources */ = {
			isa = PBXSourcesBuildPhase;
			buildActionMask = 2147483647;
			files = (
			);
			runOnlyForDeploymentPostprocessing = 0;
		};
		71C5A7642D84C76D00F73C38 /* Sources */ = {
			isa = PBXSourcesBuildPhase;
			buildActionMask = 2147483647;
			files = (
			);
			runOnlyForDeploymentPostprocessing = 0;
		};
/* End PBXSourcesBuildPhase section */

/* Begin PBXTargetDependency section */
		71C5A7602D84C76D00F73C38 /* PBXTargetDependency */ = {
			isa = PBXTargetDependency;
			target = 71C5A7492D84C76C00F73C38 /* Make Your Own */;
			targetProxy = 71C5A75F2D84C76D00F73C38 /* PBXContainerItemProxy */;
		};
		71C5A76A2D84C76D00F73C38 /* PBXTargetDependency */ = {
			isa = PBXTargetDependency;
			target = 71C5A7492D84C76C00F73C38 /* Make Your Own */;
			targetProxy = 71C5A7692D84C76D00F73C38 /* PBXContainerItemProxy */;
		};
/* End PBXTargetDependency section */

/* Begin XCBuildConfiguration section */
		71C5A7722D84C76D00F73C38 /* Debug */ = {
			isa = XCBuildConfiguration;
			buildSettings = {
				ASSETCATALOG_COMPILER_APPICON_NAME = AppIcon;
				ASSETCATALOG_COMPILER_GLOBAL_ACCENT_COLOR_NAME = AccentColor;
				CODE_SIGN_ENTITLEMENTS = "Make Your Own/Make_Your_Own.entitlements";
				CODE_SIGN_STYLE = Automatic;
				CURRENT_PROJECT_VERSION = 1.1;
				DEVELOPMENT_ASSET_PATHS = "\"Make Your Own/Preview Content\"";
				ENABLE_PREVIEWS = YES;
				GENERATE_INFOPLIST_FILE = YES;
				INFOPLIST_FILE = "Make Your Own/Info.plist";
				INFOPLIST_KEY_ITSAppUsesNonExemptEncryption = NO;
				INFOPLIST_KEY_LSApplicationCategoryType = "public.app-category.food-and-drink";
				INFOPLIST_KEY_UIApplicationSceneManifest_Generation = YES;
				INFOPLIST_KEY_UIApplicationSupportsIndirectInputEvents = YES;
				INFOPLIST_KEY_UILaunchScreen_Generation = YES;
				INFOPLIST_KEY_UIRequiresFullScreen = YES;
				INFOPLIST_KEY_UIStatusBarStyle = "";
				LD_RUNPATH_SEARCH_PATHS = (
					"$(inherited)",
					"@executable_path/Frameworks",
				);
				MARKETING_VERSION = 1.1;
				PRODUCT_BUNDLE_IDENTIFIER = "com.andreotti.alejandro.Make-Your-Own";
				PRODUCT_NAME = "$(TARGET_NAME)";
				SWIFT_EMIT_LOC_STRINGS = YES;
				SWIFT_VERSION = 5.0;
				TARGETED_DEVICE_FAMILY = "1,2";
			};
			name = Debug;
		};
		71C5A7732D84C76D00F73C38 /* Release */ = {
			isa = XCBuildConfiguration;
			buildSettings = {
				ASSETCATALOG_COMPILER_APPICON_NAME = AppIcon;
				ASSETCATALOG_COMPILER_GLOBAL_ACCENT_COLOR_NAME = AccentColor;
				CODE_SIGN_ENTITLEMENTS = "Make Your Own/Make_Your_Own.entitlements";
				CODE_SIGN_STYLE = Automatic;
				CURRENT_PROJECT_VERSION = 1.1;
				DEVELOPMENT_ASSET_PATHS = "\"Make Your Own/Preview Content\"";
				ENABLE_PREVIEWS = YES;
				GENERATE_INFOPLIST_FILE = YES;
				INFOPLIST_FILE = "Make Your Own/Info.plist";
				INFOPLIST_KEY_ITSAppUsesNonExemptEncryption = NO;
				INFOPLIST_KEY_LSApplicationCategoryType = "public.app-category.food-and-drink";
				INFOPLIST_KEY_UIApplicationSceneManifest_Generation = YES;
				INFOPLIST_KEY_UIApplicationSupportsIndirectInputEvents = YES;
				INFOPLIST_KEY_UILaunchScreen_Generation = YES;
				INFOPLIST_KEY_UIRequiresFullScreen = YES;
				INFOPLIST_KEY_UIStatusBarStyle = "";
				LD_RUNPATH_SEARCH_PATHS = (
					"$(inherited)",
					"@executable_path/Frameworks",
				);
				MARKETING_VERSION = 1.1;
				PRODUCT_BUNDLE_IDENTIFIER = "com.andreotti.alejandro.Make-Your-Own";
				PRODUCT_NAME = "$(TARGET_NAME)";
				SWIFT_EMIT_LOC_STRINGS = YES;
				SWIFT_VERSION = 5.0;
				TARGETED_DEVICE_FAMILY = "1,2";
			};
			name = Release;
		};
		71C5A7742D84C76D00F73C38 /* Debug */ = {
			isa = XCBuildConfiguration;
			buildSettings = {
				ALWAYS_SEARCH_USER_PATHS = NO;
				ASSETCATALOG_COMPILER_GENERATE_SWIFT_ASSET_SYMBOL_EXTENSIONS = YES;
				CLANG_ANALYZER_NONNULL = YES;
				CLANG_ANALYZER_NUMBER_OBJECT_CONVERSION = YES_AGGRESSIVE;
				CLANG_CXX_LANGUAGE_STANDARD = "gnu++20";
				CLANG_ENABLE_MODULES = YES;
				CLANG_ENABLE_OBJC_ARC = YES;
				CLANG_ENABLE_OBJC_WEAK = YES;
				CLANG_WARN_BLOCK_CAPTURE_AUTORELEASING = YES;
				CLANG_WARN_BOOL_CONVERSION = YES;
				CLANG_WARN_COMMA = YES;
				CLANG_WARN_CONSTANT_CONVERSION = YES;
				CLANG_WARN_DEPRECATED_OBJC_IMPLEMENTATIONS = YES;
				CLANG_WARN_DIRECT_OBJC_ISA_USAGE = YES_ERROR;
				CLANG_WARN_DOCUMENTATION_COMMENTS = YES;
				CLANG_WARN_EMPTY_BODY = YES;
				CLANG_WARN_ENUM_CONVERSION = YES;
				CLANG_WARN_INFINITE_RECURSION = YES;
				CLANG_WARN_INT_CONVERSION = YES;
				CLANG_WARN_NON_LITERAL_NULL_CONVERSION = YES;
				CLANG_WARN_OBJC_IMPLICIT_RETAIN_SELF = YES;
				CLANG_WARN_OBJC_LITERAL_CONVERSION = YES;
				CLANG_WARN_OBJC_ROOT_CLASS = YES_ERROR;
				CLANG_WARN_QUOTED_INCLUDE_IN_FRAMEWORK_HEADER = YES;
				CLANG_WARN_RANGE_LOOP_ANALYSIS = YES;
				CLANG_WARN_STRICT_PROTOTYPES = YES;
				CLANG_WARN_SUSPICIOUS_MOVE = YES;
				CLANG_WARN_UNGUARDED_AVAILABILITY = YES_AGGRESSIVE;
				CLANG_WARN_UNREACHABLE_CODE = YES;
				CLANG_WARN__DUPLICATE_METHOD_MATCH = YES;
				COPY_PHASE_STRIP = NO;
				DEBUG_INFORMATION_FORMAT = dwarf;
				DEVELOPMENT_TEAM = 87GRH8J2ST;
				ENABLE_STRICT_OBJC_MSGSEND = YES;
				ENABLE_TESTABILITY = YES;
				ENABLE_USER_SCRIPT_SANDBOXING = YES;
				GCC_C_LANGUAGE_STANDARD = gnu17;
				GCC_DYNAMIC_NO_PIC = NO;
				GCC_NO_COMMON_BLOCKS = YES;
				GCC_OPTIMIZATION_LEVEL = 0;
				GCC_PREPROCESSOR_DEFINITIONS = (
					"DEBUG=1",
					"$(inherited)",
				);
				GCC_WARN_64_TO_32_BIT_CONVERSION = YES;
				GCC_WARN_ABOUT_RETURN_TYPE = YES_ERROR;
				GCC_WARN_UNDECLARED_SELECTOR = YES;
				GCC_WARN_UNINITIALIZED_AUTOS = YES_AGGRESSIVE;
				GCC_WARN_UNUSED_FUNCTION = YES;
				GCC_WARN_UNUSED_VARIABLE = YES;
				IPHONEOS_DEPLOYMENT_TARGET = 18.0;
				LOCALIZATION_PREFERS_STRING_CATALOGS = YES;
				MTL_ENABLE_DEBUG_INFO = INCLUDE_SOURCE;
				MTL_FAST_MATH = YES;
				ONLY_ACTIVE_ARCH = YES;
				SDKROOT = iphoneos;
				SWIFT_ACTIVE_COMPILATION_CONDITIONS = "DEBUG $(inherited)";
				SWIFT_EMIT_LOC_STRINGS = YES;
				SWIFT_OPTIMIZATION_LEVEL = "-Onone";
			};
			name = Debug;
		};
		71C5A7752D84C76D00F73C38 /* Release */ = {
			isa = XCBuildConfiguration;
			buildSettings = {
				ALWAYS_SEARCH_USER_PATHS = NO;
				ASSETCATALOG_COMPILER_GENERATE_SWIFT_ASSET_SYMBOL_EXTENSIONS = YES;
				CLANG_ANALYZER_NONNULL = YES;
				CLANG_ANALYZER_NUMBER_OBJECT_CONVERSION = YES_AGGRESSIVE;
				CLANG_CXX_LANGUAGE_STANDARD = "gnu++20";
				CLANG_ENABLE_MODULES = YES;
				CLANG_ENABLE_OBJC_ARC = YES;
				CLANG_ENABLE_OBJC_WEAK = YES;
				CLANG_WARN_BLOCK_CAPTURE_AUTORELEASING = YES;
				CLANG_WARN_BOOL_CONVERSION = YES;
				CLANG_WARN_COMMA = YES;
				CLANG_WARN_CONSTANT_CONVERSION = YES;
				CLANG_WARN_DEPRECATED_OBJC_IMPLEMENTATIONS = YES;
				CLANG_WARN_DIRECT_OBJC_ISA_USAGE = YES_ERROR;
				CLANG_WARN_DOCUMENTATION_COMMENTS = YES;
				CLANG_WARN_EMPTY_BODY = YES;
				CLANG_WARN_ENUM_CONVERSION = YES;
				CLANG_WARN_INFINITE_RECURSION = YES;
				CLANG_WARN_INT_CONVERSION = YES;
				CLANG_WARN_NON_LITERAL_NULL_CONVERSION = YES;
				CLANG_WARN_OBJC_IMPLICIT_RETAIN_SELF = YES;
				CLANG_WARN_OBJC_LITERAL_CONVERSION = YES;
				CLANG_WARN_OBJC_ROOT_CLASS = YES_ERROR;
				CLANG_WARN_QUOTED_INCLUDE_IN_FRAMEWORK_HEADER = YES;
				CLANG_WARN_RANGE_LOOP_ANALYSIS = YES;
				CLANG_WARN_STRICT_PROTOTYPES = YES;
				CLANG_WARN_SUSPICIOUS_MOVE = YES;
				CLANG_WARN_UNGUARDED_AVAILABILITY = YES_AGGRESSIVE;
				CLANG_WARN_UNREACHABLE_CODE = YES;
				CLANG_WARN__DUPLICATE_METHOD_MATCH = YES;
				COPY_PHASE_STRIP = NO;
				DEBUG_INFORMATION_FORMAT = "dwarf-with-dsym";
				DEVELOPMENT_TEAM = 87GRH8J2ST;
				ENABLE_NS_ASSERTIONS = NO;
				ENABLE_STRICT_OBJC_MSGSEND = YES;
				ENABLE_USER_SCRIPT_SANDBOXING = YES;
				GCC_C_LANGUAGE_STANDARD = gnu17;
				GCC_NO_COMMON_BLOCKS = YES;
				GCC_WARN_64_TO_32_BIT_CONVERSION = YES;
				GCC_WARN_ABOUT_RETURN_TYPE = YES_ERROR;
				GCC_WARN_UNDECLARED_SELECTOR = YES;
				GCC_WARN_UNINITIALIZED_AUTOS = YES_AGGRESSIVE;
				GCC_WARN_UNUSED_FUNCTION = YES;
				GCC_WARN_UNUSED_VARIABLE = YES;
				IPHONEOS_DEPLOYMENT_TARGET = 18.0;
				LOCALIZATION_PREFERS_STRING_CATALOGS = YES;
				MTL_ENABLE_DEBUG_INFO = NO;
				MTL_FAST_MATH = YES;
				SDKROOT = iphoneos;
				SWIFT_COMPILATION_MODE = wholemodule;
				SWIFT_EMIT_LOC_STRINGS = YES;
				VALIDATE_PRODUCT = YES;
			};
			name = Release;
		};
		71C5A7772D84C76D00F73C38 /* Debug */ = {
			isa = XCBuildConfiguration;
			buildSettings = {
				BUNDLE_LOADER = "$(TEST_HOST)";
				CODE_SIGN_STYLE = Automatic;
				CURRENT_PROJECT_VERSION = 1;
				GENERATE_INFOPLIST_FILE = YES;
				IPHONEOS_DEPLOYMENT_TARGET = 18.2;
				MARKETING_VERSION = 1.0;
				PRODUCT_BUNDLE_IDENTIFIER = "com.andreotti.alejandro.Make-Your-OwnTests";
				PRODUCT_NAME = "$(TARGET_NAME)";
				SWIFT_EMIT_LOC_STRINGS = NO;
				SWIFT_VERSION = 5.0;
				TARGETED_DEVICE_FAMILY = "1,2";
				TEST_HOST = "$(BUILT_PRODUCTS_DIR)/Make Your Own.app/$(BUNDLE_EXECUTABLE_FOLDER_PATH)/Make Your Own";
			};
			name = Debug;
		};
		71C5A7782D84C76D00F73C38 /* Release */ = {
			isa = XCBuildConfiguration;
			buildSettings = {
				BUNDLE_LOADER = "$(TEST_HOST)";
				CODE_SIGN_STYLE = Automatic;
				CURRENT_PROJECT_VERSION = 1;
				GENERATE_INFOPLIST_FILE = YES;
				IPHONEOS_DEPLOYMENT_TARGET = 18.2;
				MARKETING_VERSION = 1.0;
				PRODUCT_BUNDLE_IDENTIFIER = "com.andreotti.alejandro.Make-Your-OwnTests";
				PRODUCT_NAME = "$(TARGET_NAME)";
				SWIFT_EMIT_LOC_STRINGS = NO;
				SWIFT_VERSION = 5.0;
				TARGETED_DEVICE_FAMILY = "1,2";
				TEST_HOST = "$(BUILT_PRODUCTS_DIR)/Make Your Own.app/$(BUNDLE_EXECUTABLE_FOLDER_PATH)/Make Your Own";
			};
			name = Release;
		};
		71C5A77A2D84C76D00F73C38 /* Debug */ = {
			isa = XCBuildConfiguration;
			buildSettings = {
				CODE_SIGN_STYLE = Automatic;
				CURRENT_PROJECT_VERSION = 1;
				GENERATE_INFOPLIST_FILE = YES;
				MARKETING_VERSION = 1.0;
				PRODUCT_BUNDLE_IDENTIFIER = "com.andreotti.alejandro.Make-Your-OwnUITests";
				PRODUCT_NAME = "$(TARGET_NAME)";
				SWIFT_EMIT_LOC_STRINGS = NO;
				SWIFT_VERSION = 5.0;
				TARGETED_DEVICE_FAMILY = "1,2";
				TEST_TARGET_NAME = "Make Your Own";
			};
			name = Debug;
		};
		71C5A77B2D84C76D00F73C38 /* Release */ = {
			isa = XCBuildConfiguration;
			buildSettings = {
				CODE_SIGN_STYLE = Automatic;
				CURRENT_PROJECT_VERSION = 1;
				GENERATE_INFOPLIST_FILE = YES;
				MARKETING_VERSION = 1.0;
				PRODUCT_BUNDLE_IDENTIFIER = "com.andreotti.alejandro.Make-Your-OwnUITests";
				PRODUCT_NAME = "$(TARGET_NAME)";
				SWIFT_EMIT_LOC_STRINGS = NO;
				SWIFT_VERSION = 5.0;
				TARGETED_DEVICE_FAMILY = "1,2";
				TEST_TARGET_NAME = "Make Your Own";
			};
			name = Release;
		};
/* End XCBuildConfiguration section */

/* Begin XCConfigurationList section */
		71C5A7452D84C76C00F73C38 /* Build configuration list for PBXProject "Make Your Own" */ = {
			isa = XCConfigurationList;
			buildConfigurations = (
				71C5A7742D84C76D00F73C38 /* Debug */,
				71C5A7752D84C76D00F73C38 /* Release */,
			);
			defaultConfigurationIsVisible = 0;
			defaultConfigurationName = Release;
		};
		71C5A7712D84C76D00F73C38 /* Build configuration list for PBXNativeTarget "Make Your Own" */ = {
			isa = XCConfigurationList;
			buildConfigurations = (
				71C5A7722D84C76D00F73C38 /* Debug */,
				71C5A7732D84C76D00F73C38 /* Release */,
			);
			defaultConfigurationIsVisible = 0;
			defaultConfigurationName = Release;
		};
		71C5A7762D84C76D00F73C38 /* Build configuration list for PBXNativeTarget "Make Your OwnTests" */ = {
			isa = XCConfigurationList;
			buildConfigurations = (
				71C5A7772D84C76D00F73C38 /* Debug */,
				71C5A7782D84C76D00F73C38 /* Release */,
			);
			defaultConfigurationIsVisible = 0;
			defaultConfigurationName = Release;
		};
		71C5A7792D84C76D00F73C38 /* Build configuration list for PBXNativeTarget "Make Your OwnUITests" */ = {
			isa = XCConfigurationList;
			buildConfigurations = (
				71C5A77A2D84C76D00F73C38 /* Debug */,
				71C5A77B2D84C76D00F73C38 /* Release */,
			);
			defaultConfigurationIsVisible = 0;
			defaultConfigurationName = Release;
		};
/* End XCConfigurationList section */
	};
	rootObject = 71C5A7422D84C76C00F73C38 /* Project object */;
}
